{
  "originHash" : "978a25784b595a968664524570bd7adcdd195264dfee3bb338758cae76d907de",
  "pins" : [
    {
      "identity" : "alerttoast",
      "kind" : "remoteSourceControl",
      "location" : "https://github.com/elai950/AlertToast",
      "state" : {
        "revision" : "b39252eacd159904afd7d718bba0afabb87f2f2f",
        "version" : "1.3.9"
      }
    },
    {
      "identity" : "gitdiff",
      "kind" : "remoteSourceControl",
      "location" : "https://github.com/tornikegomareli/gitdiff.git",
      "state" : {
        "revision" : "114b571a6dd0660ec9a57ba58a897964020f6bc2",
        "version" : "0.1.0"
      }
    }
  ],
  "version" : 3
}
